
Microsoft Visual Studio Solution File, Format Version 12.00
# Visual Studio Version 16
VisualStudioVersion = 16.0.29403.142
MinimumVisualStudioVersion = 10.0.40219.1
Project("{FAE04EC0-301F-11D3-BF4B-00C04F79EFBC}") = "Ejercicio 5", "Ejercicio 5\Ejercicio 5.csproj", "{0280944E-F019-4202-A7AB-5F1432F38401}"
EndProject
Global
	GlobalSection(SolutionConfigurationPlatforms) = preSolution
		Debug|Any CPU = Debug|Any CPU
		Release|Any CPU = Release|Any CPU
	EndGlobalSection
	GlobalSection(ProjectConfigurationPlatforms) = postSolution
		{0280944E-F019-4202-A7AB-5F1432F38401}.Debug|Any CPU.ActiveCfg = Debug|Any CPU
		{0280944E-F019-4202-A7AB-5F1432F38401}.Debug|Any CPU.Build.0 = Debug|Any CPU
		{0280944E-F019-4202-A7AB-5F1432F38401}.Release|Any CPU.ActiveCfg = Release|Any CPU
		{0280944E-F019-4202-A7AB-5F1432F38401}.Release|Any CPU.Build.0 = Release|Any CPU
	EndGlobalSection
	GlobalSection(SolutionProperties) = preSolution
		HideSolutionNode = FALSE
	EndGlobalSection
	GlobalSection(ExtensibilityGlobals) = postSolution
		SolutionGuid = {7500F035-351C-4A57-9A2D-36AE72EDD4E0}
	EndGlobalSection
EndGlobal
